# This file is automatically @generated by Cargo.
# It is not intended for manual editing.
version = 4

[[package]]
name = "fault_exec"
version = "0.1.0"
dependencies = [
 "oneos-app",
]

[[package]]
name = "fault_text"
version = "0.1.0"
dependencies = [
 "oneos-app",
]

[[package]]
name = "oneos-app"
version = "0.1.0"

[[package]]
name = "oneos-app-chatbot"
version = "0.1.0"
dependencies = [
 "oneos-app",
]

[[package]]
name = "oneos-app-fault-read"
version = "0.1.0"
dependencies = [
 "oneos-app",
]

[[package]]
name = "oneos-app-fault-write"
version = "0.1.0"
dependencies = [
 "oneos-app",
]

[[package]]
name = "oneos-app-guess-number"
version = "0.1.0"
dependencies = [
 "oneos-app",
]

[[package]]
name = "oneos-app-hello"
version = "0.1.0"
dependencies = [
 "oneos-app",
]
